
Microsoft Visual Studio Solution File, Format Version 12.00
# Visual Studio Version 16
VisualStudioVersion = 16.0.31424.327
MinimumVisualStudioVersion = 10.0.40219.1
Project("{FAE04EC0-301F-11D3-BF4B-00C04F79EFBC}") = "Hello_world", "Hello_world\Hello_world.csproj", "{62BC2216-8D51-44D4-84AD-66B37071382D}"
EndProject
Project("{FAE04EC0-301F-11D3-BF4B-00C04F79EFBC}") = "gra1", "gra1\gra1.csproj", "{B9FEE4F0-0568-458A-BC97-66469560B3FF}"
EndProject
Project("{FAE04EC0-301F-11D3-BF4B-00C04F79EFBC}") = "Zaklady", "Zaklady\Zaklady.csproj", "{0D409218-6DA9-4958-96A4-F89898BE5CAE}"
EndProject
Project("{FAE04EC0-301F-11D3-BF4B-00C04F79EFBC}") = "Przyjecia", "Torty\Przyjecia.csproj", "{50ACD75A-79F3-4A3C-B03B-75E4B6A58C15}"
EndProject
Project("{FAE04EC0-301F-11D3-BF4B-00C04F79EFBC}") = "SystemUla", "SystemUla\SystemUla.csproj", "{C2A9F158-B00D-42B6-AC97-760483930D7F}"
EndProject
Project("{FAE04EC0-301F-11D3-BF4B-00C04F79EFBC}") = "ClownApp", "ClownApp\ClownApp.csproj", "{E4440151-ED28-4C34-9492-4971FFFAA499}"
EndProject
Project("{FAE04EC0-301F-11D3-BF4B-00C04F79EFBC}") = "Dom", "Dom\Dom.csproj", "{CC8C45A1-917F-44A2-9314-0B340076B12F}"
EndProject
Project("{FAE04EC0-301F-11D3-BF4B-00C04F79EFBC}") = "Ducks", "Ducks\Ducks.csproj", "{B695AAF8-B85C-4A89-A2A2-0F9785DC1C49}"
EndProject
Project("{FAE04EC0-301F-11D3-BF4B-00C04F79EFBC}") = "Deck", "Deck\Deck.csproj", "{768D86B7-F187-4875-B28B-65DF48528F09}"
EndProject
Project("{FAE04EC0-301F-11D3-BF4B-00C04F79EFBC}") = "TwoDecks", "TwoDecks\TwoDecks.csproj", "{88040D1D-3E9F-4568-88EB-7C5CFE1BC435}"
EndProject
Project("{FAE04EC0-301F-11D3-BF4B-00C04F79EFBC}") = "IdzNaRyby", "IdzNaRyby\IdzNaRyby.csproj", "{1E27F697-BD08-4A14-9FCF-4F06BB9971A3}"
EndProject
Project("{FAE04EC0-301F-11D3-BF4B-00C04F79EFBC}") = "Wymówki", "Wymówki\Wymówki.csproj", "{CBB97490-1261-4053-8F11-AAA7CAF35917}"
EndProject
Project("{FAE04EC0-301F-11D3-BF4B-00C04F79EFBC}") = "Serializacja", "Serializacja\Serializacja.csproj", "{2F1245BA-2D6F-457A-A12C-0FF6DCD935EB}"
EndProject
Project("{FAE04EC0-301F-11D3-BF4B-00C04F79EFBC}") = "ZapisywanieBinarnych", "ZapisywanieBinarnych\ZapisywanieBinarnych.csproj", "{53384588-DF21-4C4F-A149-EF8CD21542B6}"
EndProject
Project("{FAE04EC0-301F-11D3-BF4B-00C04F79EFBC}") = "HexComparer", "HexComparer\HexComparer.csproj", "{43214269-1455-434B-9007-FE559BA51333}"
EndProject
Project("{FAE04EC0-301F-11D3-BF4B-00C04F79EFBC}") = "HexDumper", "HexDumper\HexDumper.csproj", "{2526777D-B789-419B-BC72-492BD03516B8}"
EndProject
Global
	GlobalSection(SolutionConfigurationPlatforms) = preSolution
		Debug|Any CPU = Debug|Any CPU
		Debug|ARM = Debug|ARM
		Debug|ARM64 = Debug|ARM64
		Debug|x64 = Debug|x64
		Debug|x86 = Debug|x86
		Release|Any CPU = Release|Any CPU
		Release|ARM = Release|ARM
		Release|ARM64 = Release|ARM64
		Release|x64 = Release|x64
		Release|x86 = Release|x86
	EndGlobalSection
	GlobalSection(ProjectConfigurationPlatforms) = postSolution
		{62BC2216-8D51-44D4-84AD-66B37071382D}.Debug|Any CPU.ActiveCfg = Debug|Any CPU
		{62BC2216-8D51-44D4-84AD-66B37071382D}.Debug|Any CPU.Build.0 = Debug|Any CPU
		{62BC2216-8D51-44D4-84AD-66B37071382D}.Debug|ARM.ActiveCfg = Debug|Any CPU
		{62BC2216-8D51-44D4-84AD-66B37071382D}.Debug|ARM.Build.0 = Debug|Any CPU
		{62BC2216-8D51-44D4-84AD-66B37071382D}.Debug|ARM64.ActiveCfg = Debug|Any CPU
		{62BC2216-8D51-44D4-84AD-66B37071382D}.Debug|ARM64.Build.0 = Debug|Any CPU
		{62BC2216-8D51-44D4-84AD-66B37071382D}.Debug|x64.ActiveCfg = Debug|Any CPU
		{62BC2216-8D51-44D4-84AD-66B37071382D}.Debug|x64.Build.0 = Debug|Any CPU
		{62BC2216-8D51-44D4-84AD-66B37071382D}.Debug|x86.ActiveCfg = Debug|Any CPU
		{62BC2216-8D51-44D4-84AD-66B37071382D}.Debug|x86.Build.0 = Debug|Any CPU
		{62BC2216-8D51-44D4-84AD-66B37071382D}.Release|Any CPU.ActiveCfg = Release|Any CPU
		{62BC2216-8D51-44D4-84AD-66B37071382D}.Release|Any CPU.Build.0 = Release|Any CPU
		{62BC2216-8D51-44D4-84AD-66B37071382D}.Release|ARM.ActiveCfg = Release|Any CPU
		{62BC2216-8D51-44D4-84AD-66B37071382D}.Release|ARM.Build.0 = Release|Any CPU
		{62BC2216-8D51-44D4-84AD-66B37071382D}.Release|ARM64.ActiveCfg = Release|Any CPU
		{62BC2216-8D51-44D4-84AD-66B37071382D}.Release|ARM64.Build.0 = Release|Any CPU
		{62BC2216-8D51-44D4-84AD-66B37071382D}.Release|x64.ActiveCfg = Release|Any CPU
		{62BC2216-8D51-44D4-84AD-66B37071382D}.Release|x64.Build.0 = Release|Any CPU
		{62BC2216-8D51-44D4-84AD-66B37071382D}.Release|x86.ActiveCfg = Release|Any CPU
		{62BC2216-8D51-44D4-84AD-66B37071382D}.Release|x86.Build.0 = Release|Any CPU
		{B9FEE4F0-0568-458A-BC97-66469560B3FF}.Debug|Any CPU.ActiveCfg = Debug|Any CPU
		{B9FEE4F0-0568-458A-BC97-66469560B3FF}.Debug|Any CPU.Build.0 = Debug|Any CPU
		{B9FEE4F0-0568-458A-BC97-66469560B3FF}.Debug|ARM.ActiveCfg = Debug|Any CPU
		{B9FEE4F0-0568-458A-BC97-66469560B3FF}.Debug|ARM.Build.0 = Debug|Any CPU
		{B9FEE4F0-0568-458A-BC97-66469560B3FF}.Debug|ARM64.ActiveCfg = Debug|Any CPU
		{B9FEE4F0-0568-458A-BC97-66469560B3FF}.Debug|ARM64.Build.0 = Debug|Any CPU
		{B9FEE4F0-0568-458A-BC97-66469560B3FF}.Debug|x64.ActiveCfg = Debug|Any CPU
		{B9FEE4F0-0568-458A-BC97-66469560B3FF}.Debug|x64.Build.0 = Debug|Any CPU
		{B9FEE4F0-0568-458A-BC97-66469560B3FF}.Debug|x86.ActiveCfg = Debug|Any CPU
		{B9FEE4F0-0568-458A-BC97-66469560B3FF}.Debug|x86.Build.0 = Debug|Any CPU
		{B9FEE4F0-0568-458A-BC97-66469560B3FF}.Release|Any CPU.ActiveCfg = Release|Any CPU
		{B9FEE4F0-0568-458A-BC97-66469560B3FF}.Release|Any CPU.Build.0 = Release|Any CPU
		{B9FEE4F0-0568-458A-BC97-66469560B3FF}.Release|ARM.ActiveCfg = Release|Any CPU
		{B9FEE4F0-0568-458A-BC97-66469560B3FF}.Release|ARM.Build.0 = Release|Any CPU
		{B9FEE4F0-0568-458A-BC97-66469560B3FF}.Release|ARM64.ActiveCfg = Release|Any CPU
		{B9FEE4F0-0568-458A-BC97-66469560B3FF}.Release|ARM64.Build.0 = Release|Any CPU
		{B9FEE4F0-0568-458A-BC97-66469560B3FF}.Release|x64.ActiveCfg = Release|Any CPU
		{B9FEE4F0-0568-458A-BC97-66469560B3FF}.Release|x64.Build.0 = Release|Any CPU
		{B9FEE4F0-0568-458A-BC97-66469560B3FF}.Release|x86.ActiveCfg = Release|Any CPU
		{B9FEE4F0-0568-458A-BC97-66469560B3FF}.Release|x86.Build.0 = Release|Any CPU
		{0D409218-6DA9-4958-96A4-F89898BE5CAE}.Debug|Any CPU.ActiveCfg = Debug|Any CPU
		{0D409218-6DA9-4958-96A4-F89898BE5CAE}.Debug|Any CPU.Build.0 = Debug|Any CPU
		{0D409218-6DA9-4958-96A4-F89898BE5CAE}.Debug|ARM.ActiveCfg = Debug|Any CPU
		{0D409218-6DA9-4958-96A4-F89898BE5CAE}.Debug|ARM.Build.0 = Debug|Any CPU
		{0D409218-6DA9-4958-96A4-F89898BE5CAE}.Debug|ARM64.ActiveCfg = Debug|Any CPU
		{0D409218-6DA9-4958-96A4-F89898BE5CAE}.Debug|ARM64.Build.0 = Debug|Any CPU
		{0D409218-6DA9-4958-96A4-F89898BE5CAE}.Debug|x64.ActiveCfg = Debug|Any CPU
		{0D409218-6DA9-4958-96A4-F89898BE5CAE}.Debug|x64.Build.0 = Debug|Any CPU
		{0D409218-6DA9-4958-96A4-F89898BE5CAE}.Debug|x86.ActiveCfg = Debug|Any CPU
		{0D409218-6DA9-4958-96A4-F89898BE5CAE}.Debug|x86.Build.0 = Debug|Any CPU
		{0D409218-6DA9-4958-96A4-F89898BE5CAE}.Release|Any CPU.ActiveCfg = Release|Any CPU
		{0D409218-6DA9-4958-96A4-F89898BE5CAE}.Release|Any CPU.Build.0 = Release|Any CPU
		{0D409218-6DA9-4958-96A4-F89898BE5CAE}.Release|ARM.ActiveCfg = Release|Any CPU
		{0D409218-6DA9-4958-96A4-F89898BE5CAE}.Release|ARM.Build.0 = Release|Any CPU
		{0D409218-6DA9-4958-96A4-F89898BE5CAE}.Release|ARM64.ActiveCfg = Release|Any CPU
		{0D409218-6DA9-4958-96A4-F89898BE5CAE}.Release|ARM64.Build.0 = Release|Any CPU
		{0D409218-6DA9-4958-96A4-F89898BE5CAE}.Release|x64.ActiveCfg = Release|Any CPU
		{0D409218-6DA9-4958-96A4-F89898BE5CAE}.Release|x64.Build.0 = Release|Any CPU
		{0D409218-6DA9-4958-96A4-F89898BE5CAE}.Release|x86.ActiveCfg = Release|Any CPU
		{0D409218-6DA9-4958-96A4-F89898BE5CAE}.Release|x86.Build.0 = Release|Any CPU
		{50ACD75A-79F3-4A3C-B03B-75E4B6A58C15}.Debug|Any CPU.ActiveCfg = Debug|Any CPU
		{50ACD75A-79F3-4A3C-B03B-75E4B6A58C15}.Debug|Any CPU.Build.0 = Debug|Any CPU
		{50ACD75A-79F3-4A3C-B03B-75E4B6A58C15}.Debug|ARM.ActiveCfg = Debug|Any CPU
		{50ACD75A-79F3-4A3C-B03B-75E4B6A58C15}.Debug|ARM.Build.0 = Debug|Any CPU
		{50ACD75A-79F3-4A3C-B03B-75E4B6A58C15}.Debug|ARM64.ActiveCfg = Debug|Any CPU
		{50ACD75A-79F3-4A3C-B03B-75E4B6A58C15}.Debug|ARM64.Build.0 = Debug|Any CPU
		{50ACD75A-79F3-4A3C-B03B-75E4B6A58C15}.Debug|x64.ActiveCfg = Debug|Any CPU
		{50ACD75A-79F3-4A3C-B03B-75E4B6A58C15}.Debug|x64.Build.0 = Debug|Any CPU
		{50ACD75A-79F3-4A3C-B03B-75E4B6A58C15}.Debug|x86.ActiveCfg = Debug|Any CPU
		{50ACD75A-79F3-4A3C-B03B-75E4B6A58C15}.Debug|x86.Build.0 = Debug|Any CPU
		{50ACD75A-79F3-4A3C-B03B-75E4B6A58C15}.Release|Any CPU.ActiveCfg = Release|Any CPU
		{50ACD75A-79F3-4A3C-B03B-75E4B6A58C15}.Release|Any CPU.Build.0 = Release|Any CPU
		{50ACD75A-79F3-4A3C-B03B-75E4B6A58C15}.Release|ARM.ActiveCfg = Release|Any CPU
		{50ACD75A-79F3-4A3C-B03B-75E4B6A58C15}.Release|ARM.Build.0 = Release|Any CPU
		{50ACD75A-79F3-4A3C-B03B-75E4B6A58C15}.Release|ARM64.ActiveCfg = Release|Any CPU
		{50ACD75A-79F3-4A3C-B03B-75E4B6A58C15}.Release|ARM64.Build.0 = Release|Any CPU
		{50ACD75A-79F3-4A3C-B03B-75E4B6A58C15}.Release|x64.ActiveCfg = Release|Any CPU
		{50ACD75A-79F3-4A3C-B03B-75E4B6A58C15}.Release|x64.Build.0 = Release|Any CPU
		{50ACD75A-79F3-4A3C-B03B-75E4B6A58C15}.Release|x86.ActiveCfg = Release|Any CPU
		{50ACD75A-79F3-4A3C-B03B-75E4B6A58C15}.Release|x86.Build.0 = Release|Any CPU
		{C2A9F158-B00D-42B6-AC97-760483930D7F}.Debug|Any CPU.ActiveCfg = Debug|Any CPU
		{C2A9F158-B00D-42B6-AC97-760483930D7F}.Debug|Any CPU.Build.0 = Debug|Any CPU
		{C2A9F158-B00D-42B6-AC97-760483930D7F}.Debug|ARM.ActiveCfg = Debug|Any CPU
		{C2A9F158-B00D-42B6-AC97-760483930D7F}.Debug|ARM.Build.0 = Debug|Any CPU
		{C2A9F158-B00D-42B6-AC97-760483930D7F}.Debug|ARM64.ActiveCfg = Debug|Any CPU
		{C2A9F158-B00D-42B6-AC97-760483930D7F}.Debug|ARM64.Build.0 = Debug|Any CPU
		{C2A9F158-B00D-42B6-AC97-760483930D7F}.Debug|x64.ActiveCfg = Debug|Any CPU
		{C2A9F158-B00D-42B6-AC97-760483930D7F}.Debug|x64.Build.0 = Debug|Any CPU
		{C2A9F158-B00D-42B6-AC97-760483930D7F}.Debug|x86.ActiveCfg = Debug|Any CPU
		{C2A9F158-B00D-42B6-AC97-760483930D7F}.Debug|x86.Build.0 = Debug|Any CPU
		{C2A9F158-B00D-42B6-AC97-760483930D7F}.Release|Any CPU.ActiveCfg = Release|Any CPU
		{C2A9F158-B00D-42B6-AC97-760483930D7F}.Release|Any CPU.Build.0 = Release|Any CPU
		{C2A9F158-B00D-42B6-AC97-760483930D7F}.Release|ARM.ActiveCfg = Release|Any CPU
		{C2A9F158-B00D-42B6-AC97-760483930D7F}.Release|ARM.Build.0 = Release|Any CPU
		{C2A9F158-B00D-42B6-AC97-760483930D7F}.Release|ARM64.ActiveCfg = Release|Any CPU
		{C2A9F158-B00D-42B6-AC97-760483930D7F}.Release|ARM64.Build.0 = Release|Any CPU
		{C2A9F158-B00D-42B6-AC97-760483930D7F}.Release|x64.ActiveCfg = Release|Any CPU
		{C2A9F158-B00D-42B6-AC97-760483930D7F}.Release|x64.Build.0 = Release|Any CPU
		{C2A9F158-B00D-42B6-AC97-760483930D7F}.Release|x86.ActiveCfg = Release|Any CPU
		{C2A9F158-B00D-42B6-AC97-760483930D7F}.Release|x86.Build.0 = Release|Any CPU
		{E4440151-ED28-4C34-9492-4971FFFAA499}.Debug|Any CPU.ActiveCfg = Debug|Any CPU
		{E4440151-ED28-4C34-9492-4971FFFAA499}.Debug|Any CPU.Build.0 = Debug|Any CPU
		{E4440151-ED28-4C34-9492-4971FFFAA499}.Debug|ARM.ActiveCfg = Debug|Any CPU
		{E4440151-ED28-4C34-9492-4971FFFAA499}.Debug|ARM.Build.0 = Debug|Any CPU
		{E4440151-ED28-4C34-9492-4971FFFAA499}.Debug|ARM64.ActiveCfg = Debug|Any CPU
		{E4440151-ED28-4C34-9492-4971FFFAA499}.Debug|ARM64.Build.0 = Debug|Any CPU
		{E4440151-ED28-4C34-9492-4971FFFAA499}.Debug|x64.ActiveCfg = Debug|Any CPU
		{E4440151-ED28-4C34-9492-4971FFFAA499}.Debug|x64.Build.0 = Debug|Any CPU
		{E4440151-ED28-4C34-9492-4971FFFAA499}.Debug|x86.ActiveCfg = Debug|Any CPU
		{E4440151-ED28-4C34-9492-4971FFFAA499}.Debug|x86.Build.0 = Debug|Any CPU
		{E4440151-ED28-4C34-9492-4971FFFAA499}.Release|Any CPU.ActiveCfg = Release|Any CPU
		{E4440151-ED28-4C34-9492-4971FFFAA499}.Release|Any CPU.Build.0 = Release|Any CPU
		{E4440151-ED28-4C34-9492-4971FFFAA499}.Release|ARM.ActiveCfg = Release|Any CPU
		{E4440151-ED28-4C34-9492-4971FFFAA499}.Release|ARM.Build.0 = Release|Any CPU
		{E4440151-ED28-4C34-9492-4971FFFAA499}.Release|ARM64.ActiveCfg = Release|Any CPU
		{E4440151-ED28-4C34-9492-4971FFFAA499}.Release|ARM64.Build.0 = Release|Any CPU
		{E4440151-ED28-4C34-9492-4971FFFAA499}.Release|x64.ActiveCfg = Release|Any CPU
		{E4440151-ED28-4C34-9492-4971FFFAA499}.Release|x64.Build.0 = Release|Any CPU
		{E4440151-ED28-4C34-9492-4971FFFAA499}.Release|x86.ActiveCfg = Release|Any CPU
		{E4440151-ED28-4C34-9492-4971FFFAA499}.Release|x86.Build.0 = Release|Any CPU
		{CC8C45A1-917F-44A2-9314-0B340076B12F}.Debug|Any CPU.ActiveCfg = Debug|Any CPU
		{CC8C45A1-917F-44A2-9314-0B340076B12F}.Debug|Any CPU.Build.0 = Debug|Any CPU
		{CC8C45A1-917F-44A2-9314-0B340076B12F}.Debug|ARM.ActiveCfg = Debug|Any CPU
		{CC8C45A1-917F-44A2-9314-0B340076B12F}.Debug|ARM.Build.0 = Debug|Any CPU
		{CC8C45A1-917F-44A2-9314-0B340076B12F}.Debug|ARM64.ActiveCfg = Debug|Any CPU
		{CC8C45A1-917F-44A2-9314-0B340076B12F}.Debug|ARM64.Build.0 = Debug|Any CPU
		{CC8C45A1-917F-44A2-9314-0B340076B12F}.Debug|x64.ActiveCfg = Debug|Any CPU
		{CC8C45A1-917F-44A2-9314-0B340076B12F}.Debug|x64.Build.0 = Debug|Any CPU
		{CC8C45A1-917F-44A2-9314-0B340076B12F}.Debug|x86.ActiveCfg = Debug|Any CPU
		{CC8C45A1-917F-44A2-9314-0B340076B12F}.Debug|x86.Build.0 = Debug|Any CPU
		{CC8C45A1-917F-44A2-9314-0B340076B12F}.Release|Any CPU.ActiveCfg = Release|Any CPU
		{CC8C45A1-917F-44A2-9314-0B340076B12F}.Release|Any CPU.Build.0 = Release|Any CPU
		{CC8C45A1-917F-44A2-9314-0B340076B12F}.Release|ARM.ActiveCfg = Release|Any CPU
		{CC8C45A1-917F-44A2-9314-0B340076B12F}.Release|ARM.Build.0 = Release|Any CPU
		{CC8C45A1-917F-44A2-9314-0B340076B12F}.Release|ARM64.ActiveCfg = Release|Any CPU
		{CC8C45A1-917F-44A2-9314-0B340076B12F}.Release|ARM64.Build.0 = Release|Any CPU
		{CC8C45A1-917F-44A2-9314-0B340076B12F}.Release|x64.ActiveCfg = Release|Any CPU
		{CC8C45A1-917F-44A2-9314-0B340076B12F}.Release|x64.Build.0 = Release|Any CPU
		{CC8C45A1-917F-44A2-9314-0B340076B12F}.Release|x86.ActiveCfg = Release|Any CPU
		{CC8C45A1-917F-44A2-9314-0B340076B12F}.Release|x86.Build.0 = Release|Any CPU
		{B695AAF8-B85C-4A89-A2A2-0F9785DC1C49}.Debug|Any CPU.ActiveCfg = Debug|Any CPU
		{B695AAF8-B85C-4A89-A2A2-0F9785DC1C49}.Debug|Any CPU.Build.0 = Debug|Any CPU
		{B695AAF8-B85C-4A89-A2A2-0F9785DC1C49}.Debug|ARM.ActiveCfg = Debug|Any CPU
		{B695AAF8-B85C-4A89-A2A2-0F9785DC1C49}.Debug|ARM.Build.0 = Debug|Any CPU
		{B695AAF8-B85C-4A89-A2A2-0F9785DC1C49}.Debug|ARM64.ActiveCfg = Debug|Any CPU
		{B695AAF8-B85C-4A89-A2A2-0F9785DC1C49}.Debug|ARM64.Build.0 = Debug|Any CPU
		{B695AAF8-B85C-4A89-A2A2-0F9785DC1C49}.Debug|x64.ActiveCfg = Debug|Any CPU
		{B695AAF8-B85C-4A89-A2A2-0F9785DC1C49}.Debug|x64.Build.0 = Debug|Any CPU
		{B695AAF8-B85C-4A89-A2A2-0F9785DC1C49}.Debug|x86.ActiveCfg = Debug|Any CPU
		{B695AAF8-B85C-4A89-A2A2-0F9785DC1C49}.Debug|x86.Build.0 = Debug|Any CPU
		{B695AAF8-B85C-4A89-A2A2-0F9785DC1C49}.Release|Any CPU.ActiveCfg = Release|Any CPU
		{B695AAF8-B85C-4A89-A2A2-0F9785DC1C49}.Release|Any CPU.Build.0 = Release|Any CPU
		{B695AAF8-B85C-4A89-A2A2-0F9785DC1C49}.Release|ARM.ActiveCfg = Release|Any CPU
		{B695AAF8-B85C-4A89-A2A2-0F9785DC1C49}.Release|ARM.Build.0 = Release|Any CPU
		{B695AAF8-B85C-4A89-A2A2-0F9785DC1C49}.Release|ARM64.ActiveCfg = Release|Any CPU
		{B695AAF8-B85C-4A89-A2A2-0F9785DC1C49}.Release|ARM64.Build.0 = Release|Any CPU
		{B695AAF8-B85C-4A89-A2A2-0F9785DC1C49}.Release|x64.ActiveCfg = Release|Any CPU
		{B695AAF8-B85C-4A89-A2A2-0F9785DC1C49}.Release|x64.Build.0 = Release|Any CPU
		{B695AAF8-B85C-4A89-A2A2-0F9785DC1C49}.Release|x86.ActiveCfg = Release|Any CPU
		{B695AAF8-B85C-4A89-A2A2-0F9785DC1C49}.Release|x86.Build.0 = Release|Any CPU
		{768D86B7-F187-4875-B28B-65DF48528F09}.Debug|Any CPU.ActiveCfg = Debug|Any CPU
		{768D86B7-F187-4875-B28B-65DF48528F09}.Debug|Any CPU.Build.0 = Debug|Any CPU
		{768D86B7-F187-4875-B28B-65DF48528F09}.Debug|ARM.ActiveCfg = Debug|Any CPU
		{768D86B7-F187-4875-B28B-65DF48528F09}.Debug|ARM.Build.0 = Debug|Any CPU
		{768D86B7-F187-4875-B28B-65DF48528F09}.Debug|ARM64.ActiveCfg = Debug|Any CPU
		{768D86B7-F187-4875-B28B-65DF48528F09}.Debug|ARM64.Build.0 = Debug|Any CPU
		{768D86B7-F187-4875-B28B-65DF48528F09}.Debug|x64.ActiveCfg = Debug|Any CPU
		{768D86B7-F187-4875-B28B-65DF48528F09}.Debug|x64.Build.0 = Debug|Any CPU
		{768D86B7-F187-4875-B28B-65DF48528F09}.Debug|x86.ActiveCfg = Debug|Any CPU
		{768D86B7-F187-4875-B28B-65DF48528F09}.Debug|x86.Build.0 = Debug|Any CPU
		{768D86B7-F187-4875-B28B-65DF48528F09}.Release|Any CPU.ActiveCfg = Release|Any CPU
		{768D86B7-F187-4875-B28B-65DF48528F09}.Release|Any CPU.Build.0 = Release|Any CPU
		{768D86B7-F187-4875-B28B-65DF48528F09}.Release|ARM.ActiveCfg = Release|Any CPU
		{768D86B7-F187-4875-B28B-65DF48528F09}.Release|ARM.Build.0 = Release|Any CPU
		{768D86B7-F187-4875-B28B-65DF48528F09}.Release|ARM64.ActiveCfg = Release|Any CPU
		{768D86B7-F187-4875-B28B-65DF48528F09}.Release|ARM64.Build.0 = Release|Any CPU
		{768D86B7-F187-4875-B28B-65DF48528F09}.Release|x64.ActiveCfg = Release|Any CPU
		{768D86B7-F187-4875-B28B-65DF48528F09}.Release|x64.Build.0 = Release|Any CPU
		{768D86B7-F187-4875-B28B-65DF48528F09}.Release|x86.ActiveCfg = Release|Any CPU
		{768D86B7-F187-4875-B28B-65DF48528F09}.Release|x86.Build.0 = Release|Any CPU
		{88040D1D-3E9F-4568-88EB-7C5CFE1BC435}.Debug|Any CPU.ActiveCfg = Debug|Any CPU
		{88040D1D-3E9F-4568-88EB-7C5CFE1BC435}.Debug|Any CPU.Build.0 = Debug|Any CPU
		{88040D1D-3E9F-4568-88EB-7C5CFE1BC435}.Debug|ARM.ActiveCfg = Debug|Any CPU
		{88040D1D-3E9F-4568-88EB-7C5CFE1BC435}.Debug|ARM.Build.0 = Debug|Any CPU
		{88040D1D-3E9F-4568-88EB-7C5CFE1BC435}.Debug|ARM64.ActiveCfg = Debug|Any CPU
		{88040D1D-3E9F-4568-88EB-7C5CFE1BC435}.Debug|ARM64.Build.0 = Debug|Any CPU
		{88040D1D-3E9F-4568-88EB-7C5CFE1BC435}.Debug|x64.ActiveCfg = Debug|Any CPU
		{88040D1D-3E9F-4568-88EB-7C5CFE1BC435}.Debug|x64.Build.0 = Debug|Any CPU
		{88040D1D-3E9F-4568-88EB-7C5CFE1BC435}.Debug|x86.ActiveCfg = Debug|Any CPU
		{88040D1D-3E9F-4568-88EB-7C5CFE1BC435}.Debug|x86.Build.0 = Debug|Any CPU
		{88040D1D-3E9F-4568-88EB-7C5CFE1BC435}.Release|Any CPU.ActiveCfg = Release|Any CPU
		{88040D1D-3E9F-4568-88EB-7C5CFE1BC435}.Release|Any CPU.Build.0 = Release|Any CPU
		{88040D1D-3E9F-4568-88EB-7C5CFE1BC435}.Release|ARM.ActiveCfg = Release|Any CPU
		{88040D1D-3E9F-4568-88EB-7C5CFE1BC435}.Release|ARM.Build.0 = Release|Any CPU
		{88040D1D-3E9F-4568-88EB-7C5CFE1BC435}.Release|ARM64.ActiveCfg = Release|Any CPU
		{88040D1D-3E9F-4568-88EB-7C5CFE1BC435}.Release|ARM64.Build.0 = Release|Any CPU
		{88040D1D-3E9F-4568-88EB-7C5CFE1BC435}.Release|x64.ActiveCfg = Release|Any CPU
		{88040D1D-3E9F-4568-88EB-7C5CFE1BC435}.Release|x64.Build.0 = Release|Any CPU
		{88040D1D-3E9F-4568-88EB-7C5CFE1BC435}.Release|x86.ActiveCfg = Release|Any CPU
		{88040D1D-3E9F-4568-88EB-7C5CFE1BC435}.Release|x86.Build.0 = Release|Any CPU
		{1E27F697-BD08-4A14-9FCF-4F06BB9971A3}.Debug|Any CPU.ActiveCfg = Debug|Any CPU
		{1E27F697-BD08-4A14-9FCF-4F06BB9971A3}.Debug|Any CPU.Build.0 = Debug|Any CPU
		{1E27F697-BD08-4A14-9FCF-4F06BB9971A3}.Debug|ARM.ActiveCfg = Debug|Any CPU
		{1E27F697-BD08-4A14-9FCF-4F06BB9971A3}.Debug|ARM.Build.0 = Debug|Any CPU
		{1E27F697-BD08-4A14-9FCF-4F06BB9971A3}.Debug|ARM64.ActiveCfg = Debug|Any CPU
		{1E27F697-BD08-4A14-9FCF-4F06BB9971A3}.Debug|ARM64.Build.0 = Debug|Any CPU
		{1E27F697-BD08-4A14-9FCF-4F06BB9971A3}.Debug|x64.ActiveCfg = Debug|Any CPU
		{1E27F697-BD08-4A14-9FCF-4F06BB9971A3}.Debug|x64.Build.0 = Debug|Any CPU
		{1E27F697-BD08-4A14-9FCF-4F06BB9971A3}.Debug|x86.ActiveCfg = Debug|Any CPU
		{1E27F697-BD08-4A14-9FCF-4F06BB9971A3}.Debug|x86.Build.0 = Debug|Any CPU
		{1E27F697-BD08-4A14-9FCF-4F06BB9971A3}.Release|Any CPU.ActiveCfg = Release|Any CPU
		{1E27F697-BD08-4A14-9FCF-4F06BB9971A3}.Release|Any CPU.Build.0 = Release|Any CPU
		{1E27F697-BD08-4A14-9FCF-4F06BB9971A3}.Release|ARM.ActiveCfg = Release|Any CPU
		{1E27F697-BD08-4A14-9FCF-4F06BB9971A3}.Release|ARM.Build.0 = Release|Any CPU
		{1E27F697-BD08-4A14-9FCF-4F06BB9971A3}.Release|ARM64.ActiveCfg = Release|Any CPU
		{1E27F697-BD08-4A14-9FCF-4F06BB9971A3}.Release|ARM64.Build.0 = Release|Any CPU
		{1E27F697-BD08-4A14-9FCF-4F06BB9971A3}.Release|x64.ActiveCfg = Release|Any CPU
		{1E27F697-BD08-4A14-9FCF-4F06BB9971A3}.Release|x64.Build.0 = Release|Any CPU
		{1E27F697-BD08-4A14-9FCF-4F06BB9971A3}.Release|x86.ActiveCfg = Release|Any CPU
		{1E27F697-BD08-4A14-9FCF-4F06BB9971A3}.Release|x86.Build.0 = Release|Any CPU
		{CBB97490-1261-4053-8F11-AAA7CAF35917}.Debug|Any CPU.ActiveCfg = Debug|Any CPU
		{CBB97490-1261-4053-8F11-AAA7CAF35917}.Debug|Any CPU.Build.0 = Debug|Any CPU
		{CBB97490-1261-4053-8F11-AAA7CAF35917}.Debug|ARM.ActiveCfg = Debug|Any CPU
		{CBB97490-1261-4053-8F11-AAA7CAF35917}.Debug|ARM.Build.0 = Debug|Any CPU
		{CBB97490-1261-4053-8F11-AAA7CAF35917}.Debug|ARM64.ActiveCfg = Debug|Any CPU
		{CBB97490-1261-4053-8F11-AAA7CAF35917}.Debug|ARM64.Build.0 = Debug|Any CPU
		{CBB97490-1261-4053-8F11-AAA7CAF35917}.Debug|x64.ActiveCfg = Debug|Any CPU
		{CBB97490-1261-4053-8F11-AAA7CAF35917}.Debug|x64.Build.0 = Debug|Any CPU
		{CBB97490-1261-4053-8F11-AAA7CAF35917}.Debug|x86.ActiveCfg = Debug|Any CPU
		{CBB97490-1261-4053-8F11-AAA7CAF35917}.Debug|x86.Build.0 = Debug|Any CPU
		{CBB97490-1261-4053-8F11-AAA7CAF35917}.Release|Any CPU.ActiveCfg = Release|Any CPU
		{CBB97490-1261-4053-8F11-AAA7CAF35917}.Release|Any CPU.Build.0 = Release|Any CPU
		{CBB97490-1261-4053-8F11-AAA7CAF35917}.Release|ARM.ActiveCfg = Release|Any CPU
		{CBB97490-1261-4053-8F11-AAA7CAF35917}.Release|ARM.Build.0 = Release|Any CPU
		{CBB97490-1261-4053-8F11-AAA7CAF35917}.Release|ARM64.ActiveCfg = Release|Any CPU
		{CBB97490-1261-4053-8F11-AAA7CAF35917}.Release|ARM64.Build.0 = Release|Any CPU
		{CBB97490-1261-4053-8F11-AAA7CAF35917}.Release|x64.ActiveCfg = Release|Any CPU
		{CBB97490-1261-4053-8F11-AAA7CAF35917}.Release|x64.Build.0 = Release|Any CPU
		{CBB97490-1261-4053-8F11-AAA7CAF35917}.Release|x86.ActiveCfg = Release|Any CPU
		{CBB97490-1261-4053-8F11-AAA7CAF35917}.Release|x86.Build.0 = Release|Any CPU
		{2F1245BA-2D6F-457A-A12C-0FF6DCD935EB}.Debug|Any CPU.ActiveCfg = Debug|Any CPU
		{2F1245BA-2D6F-457A-A12C-0FF6DCD935EB}.Debug|Any CPU.Build.0 = Debug|Any CPU
		{2F1245BA-2D6F-457A-A12C-0FF6DCD935EB}.Debug|ARM.ActiveCfg = Debug|Any CPU
		{2F1245BA-2D6F-457A-A12C-0FF6DCD935EB}.Debug|ARM.Build.0 = Debug|Any CPU
		{2F1245BA-2D6F-457A-A12C-0FF6DCD935EB}.Debug|ARM64.ActiveCfg = Debug|Any CPU
		{2F1245BA-2D6F-457A-A12C-0FF6DCD935EB}.Debug|ARM64.Build.0 = Debug|Any CPU
		{2F1245BA-2D6F-457A-A12C-0FF6DCD935EB}.Debug|x64.ActiveCfg = Debug|Any CPU
		{2F1245BA-2D6F-457A-A12C-0FF6DCD935EB}.Debug|x64.Build.0 = Debug|Any CPU
		{2F1245BA-2D6F-457A-A12C-0FF6DCD935EB}.Debug|x86.ActiveCfg = Debug|Any CPU
		{2F1245BA-2D6F-457A-A12C-0FF6DCD935EB}.Debug|x86.Build.0 = Debug|Any CPU
		{2F1245BA-2D6F-457A-A12C-0FF6DCD935EB}.Release|Any CPU.ActiveCfg = Release|Any CPU
		{2F1245BA-2D6F-457A-A12C-0FF6DCD935EB}.Release|Any CPU.Build.0 = Release|Any CPU
		{2F1245BA-2D6F-457A-A12C-0FF6DCD935EB}.Release|ARM.ActiveCfg = Release|Any CPU
		{2F1245BA-2D6F-457A-A12C-0FF6DCD935EB}.Release|ARM.Build.0 = Release|Any CPU
		{2F1245BA-2D6F-457A-A12C-0FF6DCD935EB}.Release|ARM64.ActiveCfg = Release|Any CPU
		{2F1245BA-2D6F-457A-A12C-0FF6DCD935EB}.Release|ARM64.Build.0 = Release|Any CPU
		{2F1245BA-2D6F-457A-A12C-0FF6DCD935EB}.Release|x64.ActiveCfg = Release|Any CPU
		{2F1245BA-2D6F-457A-A12C-0FF6DCD935EB}.Release|x64.Build.0 = Release|Any CPU
		{2F1245BA-2D6F-457A-A12C-0FF6DCD935EB}.Release|x86.ActiveCfg = Release|Any CPU
		{2F1245BA-2D6F-457A-A12C-0FF6DCD935EB}.Release|x86.Build.0 = Release|Any CPU
		{53384588-DF21-4C4F-A149-EF8CD21542B6}.Debug|Any CPU.ActiveCfg = Debug|Any CPU
		{53384588-DF21-4C4F-A149-EF8CD21542B6}.Debug|Any CPU.Build.0 = Debug|Any CPU
		{53384588-DF21-4C4F-A149-EF8CD21542B6}.Debug|ARM.ActiveCfg = Debug|Any CPU
		{53384588-DF21-4C4F-A149-EF8CD21542B6}.Debug|ARM.Build.0 = Debug|Any CPU
		{53384588-DF21-4C4F-A149-EF8CD21542B6}.Debug|ARM64.ActiveCfg = Debug|Any CPU
		{53384588-DF21-4C4F-A149-EF8CD21542B6}.Debug|ARM64.Build.0 = Debug|Any CPU
		{53384588-DF21-4C4F-A149-EF8CD21542B6}.Debug|x64.ActiveCfg = Debug|Any CPU
		{53384588-DF21-4C4F-A149-EF8CD21542B6}.Debug|x64.Build.0 = Debug|Any CPU
		{53384588-DF21-4C4F-A149-EF8CD21542B6}.Debug|x86.ActiveCfg = Debug|Any CPU
		{53384588-DF21-4C4F-A149-EF8CD21542B6}.Debug|x86.Build.0 = Debug|Any CPU
		{53384588-DF21-4C4F-A149-EF8CD21542B6}.Release|Any CPU.ActiveCfg = Release|Any CPU
		{53384588-DF21-4C4F-A149-EF8CD21542B6}.Release|Any CPU.Build.0 = Release|Any CPU
		{53384588-DF21-4C4F-A149-EF8CD21542B6}.Release|ARM.ActiveCfg = Release|Any CPU
		{53384588-DF21-4C4F-A149-EF8CD21542B6}.Release|ARM.Build.0 = Release|Any CPU
		{53384588-DF21-4C4F-A149-EF8CD21542B6}.Release|ARM64.ActiveCfg = Release|Any CPU
		{53384588-DF21-4C4F-A149-EF8CD21542B6}.Release|ARM64.Build.0 = Release|Any CPU
		{53384588-DF21-4C4F-A149-EF8CD21542B6}.Release|x64.ActiveCfg = Release|Any CPU
		{53384588-DF21-4C4F-A149-EF8CD21542B6}.Release|x64.Build.0 = Release|Any CPU
		{53384588-DF21-4C4F-A149-EF8CD21542B6}.Release|x86.ActiveCfg = Release|Any CPU
		{53384588-DF21-4C4F-A149-EF8CD21542B6}.Release|x86.Build.0 = Release|Any CPU
		{43214269-1455-434B-9007-FE559BA51333}.Debug|Any CPU.ActiveCfg = Debug|Any CPU
		{43214269-1455-434B-9007-FE559BA51333}.Debug|Any CPU.Build.0 = Debug|Any CPU
		{43214269-1455-434B-9007-FE559BA51333}.Debug|ARM.ActiveCfg = Debug|Any CPU
		{43214269-1455-434B-9007-FE559BA51333}.Debug|ARM.Build.0 = Debug|Any CPU
		{43214269-1455-434B-9007-FE559BA51333}.Debug|ARM64.ActiveCfg = Debug|Any CPU
		{43214269-1455-434B-9007-FE559BA51333}.Debug|ARM64.Build.0 = Debug|Any CPU
		{43214269-1455-434B-9007-FE559BA51333}.Debug|x64.ActiveCfg = Debug|Any CPU
		{43214269-1455-434B-9007-FE559BA51333}.Debug|x64.Build.0 = Debug|Any CPU
		{43214269-1455-434B-9007-FE559BA51333}.Debug|x86.ActiveCfg = Debug|Any CPU
		{43214269-1455-434B-9007-FE559BA51333}.Debug|x86.Build.0 = Debug|Any CPU
		{43214269-1455-434B-9007-FE559BA51333}.Release|Any CPU.ActiveCfg = Release|Any CPU
		{43214269-1455-434B-9007-FE559BA51333}.Release|Any CPU.Build.0 = Release|Any CPU
		{43214269-1455-434B-9007-FE559BA51333}.Release|ARM.ActiveCfg = Release|Any CPU
		{43214269-1455-434B-9007-FE559BA51333}.Release|ARM.Build.0 = Release|Any CPU
		{43214269-1455-434B-9007-FE559BA51333}.Release|ARM64.ActiveCfg = Release|Any CPU
		{43214269-1455-434B-9007-FE559BA51333}.Release|ARM64.Build.0 = Release|Any CPU
		{43214269-1455-434B-9007-FE559BA51333}.Release|x64.ActiveCfg = Release|Any CPU
		{43214269-1455-434B-9007-FE559BA51333}.Release|x64.Build.0 = Release|Any CPU
		{43214269-1455-434B-9007-FE559BA51333}.Release|x86.ActiveCfg = Release|Any CPU
		{43214269-1455-434B-9007-FE559BA51333}.Release|x86.Build.0 = Release|Any CPU
		{2526777D-B789-419B-BC72-492BD03516B8}.Debug|Any CPU.ActiveCfg = Debug|Any CPU
		{2526777D-B789-419B-BC72-492BD03516B8}.Debug|Any CPU.Build.0 = Debug|Any CPU
		{2526777D-B789-419B-BC72-492BD03516B8}.Debug|ARM.ActiveCfg = Debug|Any CPU
		{2526777D-B789-419B-BC72-492BD03516B8}.Debug|ARM.Build.0 = Debug|Any CPU
		{2526777D-B789-419B-BC72-492BD03516B8}.Debug|ARM64.ActiveCfg = Debug|Any CPU
		{2526777D-B789-419B-BC72-492BD03516B8}.Debug|ARM64.Build.0 = Debug|Any CPU
		{2526777D-B789-419B-BC72-492BD03516B8}.Debug|x64.ActiveCfg = Debug|Any CPU
		{2526777D-B789-419B-BC72-492BD03516B8}.Debug|x64.Build.0 = Debug|Any CPU
		{2526777D-B789-419B-BC72-492BD03516B8}.Debug|x86.ActiveCfg = Debug|Any CPU
		{2526777D-B789-419B-BC72-492BD03516B8}.Debug|x86.Build.0 = Debug|Any CPU
		{2526777D-B789-419B-BC72-492BD03516B8}.Release|Any CPU.ActiveCfg = Release|Any CPU
		{2526777D-B789-419B-BC72-492BD03516B8}.Release|Any CPU.Build.0 = Release|Any CPU
		{2526777D-B789-419B-BC72-492BD03516B8}.Release|ARM.ActiveCfg = Release|Any CPU
		{2526777D-B789-419B-BC72-492BD03516B8}.Release|ARM.Build.0 = Release|Any CPU
		{2526777D-B789-419B-BC72-492BD03516B8}.Release|ARM64.ActiveCfg = Release|Any CPU
		{2526777D-B789-419B-BC72-492BD03516B8}.Release|ARM64.Build.0 = Release|Any CPU
		{2526777D-B789-419B-BC72-492BD03516B8}.Release|x64.ActiveCfg = Release|Any CPU
		{2526777D-B789-419B-BC72-492BD03516B8}.Release|x64.Build.0 = Release|Any CPU
		{2526777D-B789-419B-BC72-492BD03516B8}.Release|x86.ActiveCfg = Release|Any CPU
		{2526777D-B789-419B-BC72-492BD03516B8}.Release|x86.Build.0 = Release|Any CPU
	EndGlobalSection
	GlobalSection(SolutionProperties) = preSolution
		HideSolutionNode = FALSE
	EndGlobalSection
	GlobalSection(ExtensibilityGlobals) = postSolution
		SolutionGuid = {17C7921C-43D7-4BDE-BE72-0A28E5ED17D6}
	EndGlobalSection
EndGlobal
