
Microsoft Visual Studio Solution File, Format Version 12.00
# Visual Studio Version 16
VisualStudioVersion = 16.0.31424.327
MinimumVisualStudioVersion = 10.0.40219.1
Project("{FAE04EC0-301F-11D3-BF4B-00C04F79EFBC}") = "Hello_world", "Hello_world\Hello_world.csproj", "{62BC2216-8D51-44D4-84AD-66B37071382D}"
EndProject
Global
	GlobalSection(SolutionConfigurationPlatforms) = preSolution
		Debug|Any CPU = Debug|Any CPU
		Release|Any CPU = Release|Any CPU
	EndGlobalSection
	GlobalSection(ProjectConfigurationPlatforms) = postSolution
		{62BC2216-8D51-44D4-84AD-66B37071382D}.Debug|Any CPU.ActiveCfg = Debug|Any CPU
		{62BC2216-8D51-44D4-84AD-66B37071382D}.Debug|Any CPU.Build.0 = Debug|Any CPU
		{62BC2216-8D51-44D4-84AD-66B37071382D}.Release|Any CPU.ActiveCfg = Release|Any CPU
		{62BC2216-8D51-44D4-84AD-66B37071382D}.Release|Any CPU.Build.0 = Release|Any CPU
	EndGlobalSection
	GlobalSection(SolutionProperties) = preSolution
		HideSolutionNode = FALSE
	EndGlobalSection
	GlobalSection(ExtensibilityGlobals) = postSolution
		SolutionGuid = {17C7921C-43D7-4BDE-BE72-0A28E5ED17D6}
	EndGlobalSection
EndGlobal
